
Microsoft Visual Studio Solution File, Format Version 12.00
# Visual Studio Version 17
VisualStudioVersion = 17.10.35027.167
MinimumVisualStudioVersion = 10.0.40219.1
Project("{FAE04EC0-301F-11D3-BF4B-00C04F79EFBC}") = "GestionSolicitud", "GestionSolicitud.csproj", "{2244FE41-9172-485B-80AB-884C41F513DE}"
EndProject
Global
	GlobalSection(SolutionConfigurationPlatforms) = preSolution
		Debug|Any CPU = Debug|Any CPU
		Release|Any CPU = Release|Any CPU
	EndGlobalSection
	GlobalSection(ProjectConfigurationPlatforms) = postSolution
		{2244FE41-9172-485B-80AB-884C41F513DE}.Debug|Any CPU.ActiveCfg = Debug|Any CPU
		{2244FE41-9172-485B-80AB-884C41F513DE}.Debug|Any CPU.Build.0 = Debug|Any CPU
		{2244FE41-9172-485B-80AB-884C41F513DE}.Release|Any CPU.ActiveCfg = Release|Any CPU
		{2244FE41-9172-485B-80AB-884C41F513DE}.Release|Any CPU.Build.0 = Release|Any CPU
	EndGlobalSection
	GlobalSection(SolutionProperties) = preSolution
		HideSolutionNode = FALSE
	EndGlobalSection
	GlobalSection(ExtensibilityGlobals) = postSolution
		SolutionGuid = {1AFDAF88-3D3D-43BB-9D0D-46ABF77956C3}
	EndGlobalSection
EndGlobal
